{
  "object": {
    "pins": [
      {
        "package": "cglm",
        "repositoryURL": "https://github.com/recp/cglm",
        "state": {
          "branch": "master",
          "revision": "672523e5afb284c8e2ff568f78c9a365e5823d38",
          "version": null
        }
      }
    ]
  },
  "version": 1
}
